
Microsoft Visual Studio Solution File, Format Version 12.00
# Visual Studio Version 17
VisualStudioVersion = 17.14.36518.9 d17.14
MinimumVisualStudioVersion = 10.0.40219.1
Project("{FAE04EC0-301F-11D3-BF4B-00C04F79EFBC}") = "BlackJackApplication", "BlackJackApplication.csproj", "{9012E7C1-A40E-486C-9D23-BFB7D9BAC7E4}"
EndProject
Global
	GlobalSection(SolutionConfigurationPlatforms) = preSolution
		Debug|Any CPU = Debug|Any CPU
		Release|Any CPU = Release|Any CPU
	EndGlobalSection
	GlobalSection(ProjectConfigurationPlatforms) = postSolution
		{9012E7C1-A40E-486C-9D23-BFB7D9BAC7E4}.Debug|Any CPU.ActiveCfg = Debug|Any CPU
		{9012E7C1-A40E-486C-9D23-BFB7D9BAC7E4}.Debug|Any CPU.Build.0 = Debug|Any CPU
		{9012E7C1-A40E-486C-9D23-BFB7D9BAC7E4}.Release|Any CPU.ActiveCfg = Release|Any CPU
		{9012E7C1-A40E-486C-9D23-BFB7D9BAC7E4}.Release|Any CPU.Build.0 = Release|Any CPU
	EndGlobalSection
	GlobalSection(SolutionProperties) = preSolution
		HideSolutionNode = FALSE
	EndGlobalSection
	GlobalSection(ExtensibilityGlobals) = postSolution
		SolutionGuid = {23A5E01F-21DF-4B43-A849-D35362AF796C}
	EndGlobalSection
EndGlobal
